PODS:
  - Capacitor (8.5.1):
    - CapacitorCordova
  - CapacitorCordova (8.5.1)
  - DynamsoftCaptureVisionBundle (3.4.1200)
  - DynamsoftMRZScannerBundle (3.4.1300):
    - DynamsoftCaptureVisionBundle (= 3.4.1200)

DEPENDENCIES:
  - "Capacitor (from `../../node_modules/@capacitor/ios`)"
  - "CapacitorCordova (from `../../node_modules/@capacitor/ios`)"
  - DynamsoftMRZScannerBundle (= 3.4.1300)

SPEC REPOS:
  trunk:
    - DynamsoftCaptureVisionBundle
    - DynamsoftMRZScannerBundle

EXTERNAL SOURCES:
  Capacitor:
    :path: "../../node_modules/@capacitor/ios"
  CapacitorCordova:
    :path: "../../node_modules/@capacitor/ios"

SPEC CHECKSUMS:
  Capacitor: 8ca6676b3b1147b00f7f3a547ccf68defd658d55
  CapacitorCordova: eb79411a3a0ed517eeb4c6dcf5933ce4bcbb5c9e
  DynamsoftCaptureVisionBundle: 4290024ee7ad9a7c0f3c68ad4a70561a139df156
  DynamsoftMRZScannerBundle: db35bfe6da8967db7a1494f0f861de0a6a1d91b5

PODFILE CHECKSUM: 99723689b8350c71c9abf8272f26932739ca940d

COCOAPODS: 1.16.2
