PODS:
  - Capacitor (8.5.1):
    - CapacitorCordova
  - CapacitorCordova (8.5.1)
  - DynamsoftCaptureVisionBundle (3.6.2000)

DEPENDENCIES:
  - "Capacitor (from `../../node_modules/@capacitor/ios`)"
  - "CapacitorCordova (from `../../node_modules/@capacitor/ios`)"
  - DynamsoftCaptureVisionBundle (= 3.6.2000)

SPEC REPOS:
  trunk:
    - DynamsoftCaptureVisionBundle

EXTERNAL SOURCES:
  Capacitor:
    :path: "../../node_modules/@capacitor/ios"
  CapacitorCordova:
    :path: "../../node_modules/@capacitor/ios"

SPEC CHECKSUMS:
  Capacitor: 8ca6676b3b1147b00f7f3a547ccf68defd658d55
  CapacitorCordova: eb79411a3a0ed517eeb4c6dcf5933ce4bcbb5c9e
  DynamsoftCaptureVisionBundle: 786952063fff6881847ed1644069cdc57e5cd815

PODFILE CHECKSUM: 15b2d219acb2586a1d9f7532e83fe08e53320f1c

COCOAPODS: 1.16.2
